
Microsoft Visual Studio Solution File, Format Version 12.00
# Visual Studio Version 17
VisualStudioVersion = 17.12.35527.113 d17.12
MinimumVisualStudioVersion = 10.0.40219.1
Project("{FAE04EC0-301F-11D3-BF4B-00C04F79EFBC}") = "sagarchand_dot_net_assignment", "sagarchand_dot_net_assignment\sagarchand_dot_net_assignment.csproj", "{3921D9C7-4BA3-43D9-A589-2B122B78888E}"
EndProject
Global
	GlobalSection(SolutionConfigurationPlatforms) = preSolution
		Debug|Any CPU = Debug|Any CPU
		Release|Any CPU = Release|Any CPU
	EndGlobalSection
	GlobalSection(ProjectConfigurationPlatforms) = postSolution
		{3921D9C7-4BA3-43D9-A589-2B122B78888E}.Debug|Any CPU.ActiveCfg = Debug|Any CPU
		{3921D9C7-4BA3-43D9-A589-2B122B78888E}.Debug|Any CPU.Build.0 = Debug|Any CPU
		{3921D9C7-4BA3-43D9-A589-2B122B78888E}.Release|Any CPU.ActiveCfg = Release|Any CPU
		{3921D9C7-4BA3-43D9-A589-2B122B78888E}.Release|Any CPU.Build.0 = Release|Any CPU
	EndGlobalSection
	GlobalSection(SolutionProperties) = preSolution
		HideSolutionNode = FALSE
	EndGlobalSection
EndGlobal
